// !$*UTF8*$!
{
	archiveVersion = 1;
	classes = {
	};
	objectVersion = 50;
	objects = {

/* Begin PBXBuildFile section */
		0375FBAF21AE75B5006DF4AF /* alg_mutation.cpp in Sources */ = {isa = PBXBuildFile; fileRef = 0375FB8821AE75AF006DF4AF /* alg_mutation.cpp */; };
		0375FBB021AE75B5006DF4AF /* alg_comparator.cpp in Sources */ = {isa = PBXBuildFile; fileRef = 0375FB8B21AE75B0006DF4AF /* alg_comparator.cpp */; };
		0375FBB121AE75B5006DF4AF /* alg_nondominated_sort.cpp in Sources */ = {isa = PBXBuildFile; fileRef = 0375FB8D21AE75B0006DF4AF /* alg_nondominated_sort.cpp */; };
		0375FBB221AE75B5006DF4AF /* main.cpp in Sources */ = {isa = PBXBuildFile; fileRef = 0375FB9121AE75B0006DF4AF /* main.cpp */; };
		0375FBB321AE75B5006DF4AF /* exp_experiment.cpp in Sources */ = {isa = PBXBuildFile; fileRef = 0375FB9421AE75B0006DF4AF /* exp_experiment.cpp */; };
		0375FBB421AE75B5006DF4AF /* alg_individual.cpp in Sources */ = {isa = PBXBuildFile; fileRef = 0375FB9721AE75B1006DF4AF /* alg_individual.cpp */; };
		0375FBB521AE75B5006DF4AF /* problem_factory.cpp in Sources */ = {isa = PBXBuildFile; fileRef = 0375FB9821AE75B1006DF4AF /* problem_factory.cpp */; };
		0375FBB621AE75B5006DF4AF /* alg_crossover.cpp in Sources */ = {isa = PBXBuildFile; fileRef = 0375FB9A21AE75B1006DF4AF /* alg_crossover.cpp */; };
		0375FBB721AE75B5006DF4AF /* gnuplot_interface.cpp in Sources */ = {isa = PBXBuildFile; fileRef = 0375FB9B21AE75B1006DF4AF /* gnuplot_interface.cpp */; };
		0375FBB821AE75B5006DF4AF /* problem_self.cpp in Sources */ = {isa = PBXBuildFile; fileRef = 0375FB9C21AE75B1006DF4AF /* problem_self.cpp */; };
		0375FBB921AE75B5006DF4AF /* alg_nsgaiii.cpp in Sources */ = {isa = PBXBuildFile; fileRef = 0375FB9E21AE75B2006DF4AF /* alg_nsgaiii.cpp */; };
		0375FBBA21AE75B5006DF4AF /* log.cpp in Sources */ = {isa = PBXBuildFile; fileRef = 0375FB9F21AE75B2006DF4AF /* log.cpp */; };
		0375FBBB21AE75B5006DF4AF /* problem_DTLZ.cpp in Sources */ = {isa = PBXBuildFile; fileRef = 0375FBA121AE75B2006DF4AF /* problem_DTLZ.cpp */; };
		0375FBBC21AE75B5006DF4AF /* problem_ZDT.cpp in Sources */ = {isa = PBXBuildFile; fileRef = 0375FBA221AE75B2006DF4AF /* problem_ZDT.cpp */; };
		0375FBBD21AE75B5006DF4AF /* exp_indicator.cpp in Sources */ = {isa = PBXBuildFile; fileRef = 0375FBA521AE75B3006DF4AF /* exp_indicator.cpp */; };
		0375FBBE21AE75B5006DF4AF /* alg_initialization.cpp in Sources */ = {isa = PBXBuildFile; fileRef = 0375FBA721AE75B3006DF4AF /* alg_initialization.cpp */; };
		0375FBBF21AE75B5006DF4AF /* aux_math.cpp in Sources */ = {isa = PBXBuildFile; fileRef = 0375FBA821AE75B3006DF4AF /* aux_math.cpp */; };
		0375FBC021AE75B5006DF4AF /* alg_reference_point.cpp in Sources */ = {isa = PBXBuildFile; fileRef = 0375FBAA21AE75B4006DF4AF /* alg_reference_point.cpp */; };
		0375FBC121AE75B5006DF4AF /* alg_environmental_selection.cpp in Sources */ = {isa = PBXBuildFile; fileRef = 0375FBAC21AE75B4006DF4AF /* alg_environmental_selection.cpp */; };
		0375FBC221AE75B5006DF4AF /* aux_misc.cpp in Sources */ = {isa = PBXBuildFile; fileRef = 0375FBAD21AE75B4006DF4AF /* aux_misc.cpp */; };
		0375FBFF21AEAA78006DF4AF /* explist.ini in Copy Experiment initiation */ = {isa = PBXBuildFile; fileRef = 0375FBC721AEAA37006DF4AF /* explist.ini */; };
		0375FC0121AEAAD3006DF4AF /* expDTLZ1(8).ini in Copy Experiments */ = {isa = PBXBuildFile; fileRef = 0375FBC921AEAA37006DF4AF /* expDTLZ1(8).ini */; };
		0375FC0221AEAAD3006DF4AF /* expDTLZ3(5).ini in Copy Experiments */ = {isa = PBXBuildFile; fileRef = 0375FBCA21AEAA37006DF4AF /* expDTLZ3(5).ini */; };
		0375FC0321AEAAD3006DF4AF /* expDTLZ1(5).ini in Copy Experiments */ = {isa = PBXBuildFile; fileRef = 0375FBCB21AEAA37006DF4AF /* expDTLZ1(5).ini */; };
		0375FC0421AEAAD3006DF4AF /* expDTLZ3(8).ini in Copy Experiments */ = {isa = PBXBuildFile; fileRef = 0375FBCC21AEAA37006DF4AF /* expDTLZ3(8).ini */; };
		0375FC0521AEAAD3006DF4AF /* expDTLZ1(10).ini in Copy Experiments */ = {isa = PBXBuildFile; fileRef = 0375FBCD21AEAA37006DF4AF /* expDTLZ1(10).ini */; };
		0375FC0621AEAAD3006DF4AF /* expDTLZ3(3).ini in Copy Experiments */ = {isa = PBXBuildFile; fileRef = 0375FBCE21AEAA37006DF4AF /* expDTLZ3(3).ini */; };
		0375FC0721AEAAD3006DF4AF /* expDTLZ3(10).ini in Copy Experiments */ = {isa = PBXBuildFile; fileRef = 0375FBCF21AEAA37006DF4AF /* expDTLZ3(10).ini */; };
		0375FC0821AEAAD3006DF4AF /* expDTLZ2(10).ini in Copy Experiments */ = {isa = PBXBuildFile; fileRef = 0375FBD021AEAA37006DF4AF /* expDTLZ2(10).ini */; };
		0375FC0921AEAAD3006DF4AF /* expDTLZ4(15).ini in Copy Experiments */ = {isa = PBXBuildFile; fileRef = 0375FBD121AEAA37006DF4AF /* expDTLZ4(15).ini */; };
		0375FC0A21AEAAD3006DF4AF /* expDTLZ1(3).ini in Copy Experiments */ = {isa = PBXBuildFile; fileRef = 0375FBD221AEAA37006DF4AF /* expDTLZ1(3).ini */; };
		0375FC0B21AEAAD3006DF4AF /* expSelf.ini in Copy Experiments */ = {isa = PBXBuildFile; fileRef = 0375FBD321AEAA37006DF4AF /* expSelf.ini */; };
		0375FC0C21AEAAD3006DF4AF /* expDTLZ2(5).ini in Copy Experiments */ = {isa = PBXBuildFile; fileRef = 0375FBD421AEAA37006DF4AF /* expDTLZ2(5).ini */; };
		0375FC0D21AEAAD3006DF4AF /* expDTLZ4(3).ini in Copy Experiments */ = {isa = PBXBuildFile; fileRef = 0375FBD521AEAA37006DF4AF /* expDTLZ4(3).ini */; };
		0375FC0E21AEAAD3006DF4AF /* expDTLZ1(15).ini in Copy Experiments */ = {isa = PBXBuildFile; fileRef = 0375FBD621AEAA37006DF4AF /* expDTLZ1(15).ini */; };
		0375FC0F21AEAAD3006DF4AF /* expDTLZ2(8).ini in Copy Experiments */ = {isa = PBXBuildFile; fileRef = 0375FBD721AEAA37006DF4AF /* expDTLZ2(8).ini */; };
		0375FC1021AEAAD3006DF4AF /* expZDT4.ini in Copy Experiments */ = {isa = PBXBuildFile; fileRef = 0375FBD821AEAA37006DF4AF /* expZDT4.ini */; };
		0375FC1121AEAAD3006DF4AF /* expDTLZ2(15).ini in Copy Experiments */ = {isa = PBXBuildFile; fileRef = 0375FBD921AEAA37006DF4AF /* expDTLZ2(15).ini */; };
		0375FC1221AEAAD3006DF4AF /* expDTLZ4(10).ini in Copy Experiments */ = {isa = PBXBuildFile; fileRef = 0375FBDA21AEAA37006DF4AF /* expDTLZ4(10).ini */; };
		0375FC1321AEAAD3006DF4AF /* expDTLZ2(3).ini in Copy Experiments */ = {isa = PBXBuildFile; fileRef = 0375FBDB21AEAA37006DF4AF /* expDTLZ2(3).ini */; };
		0375FC1421AEAAD3006DF4AF /* expDTLZ4(5).ini in Copy Experiments */ = {isa = PBXBuildFile; fileRef = 0375FBDC21AEAA37006DF4AF /* expDTLZ4(5).ini */; };
		0375FC1521AEAAD3006DF4AF /* expZDT6.ini in Copy Experiments */ = {isa = PBXBuildFile; fileRef = 0375FBDD21AEAA37006DF4AF /* expZDT6.ini */; };
		0375FC1621AEAAD3006DF4AF /* expZDT2.ini in Copy Experiments */ = {isa = PBXBuildFile; fileRef = 0375FBDE21AEAA37006DF4AF /* expZDT2.ini */; };
		0375FC1721AEAAD3006DF4AF /* expZDT3.ini in Copy Experiments */ = {isa = PBXBuildFile; fileRef = 0375FBDF21AEAA37006DF4AF /* expZDT3.ini */; };
		0375FC1821AEAAD3006DF4AF /* expDTLZ4(8).ini in Copy Experiments */ = {isa = PBXBuildFile; fileRef = 0375FBE021AEAA37006DF4AF /* expDTLZ4(8).ini */; };
		0375FC1921AEAAD3006DF4AF /* expZDT1.ini in Copy Experiments */ = {isa = PBXBuildFile; fileRef = 0375FBE121AEAA37006DF4AF /* expZDT1.ini */; };
		0375FC1A21AEAAD3006DF4AF /* expDTLZ3(15).ini in Copy Experiments */ = {isa = PBXBuildFile; fileRef = 0375FBE221AEAA37006DF4AF /* expDTLZ3(15).ini */; };
		0375FC1C21AEAB17006DF4AF /* DTLZ3(8)-PF.txt in Copy True Pareto fronts */ = {isa = PBXBuildFile; fileRef = 0375FBE421AEAA37006DF4AF /* DTLZ3(8)-PF.txt */; };
		0375FC1D21AEAB17006DF4AF /* DTLZ4(3)-PF.txt in Copy True Pareto fronts */ = {isa = PBXBuildFile; fileRef = 0375FBE521AEAA37006DF4AF /* DTLZ4(3)-PF.txt */; };
		0375FC1E21AEAB17006DF4AF /* ZDT6-PF.txt in Copy True Pareto fronts */ = {isa = PBXBuildFile; fileRef = 0375FBE621AEAA37006DF4AF /* ZDT6-PF.txt */; };
		0375FC1F21AEAB17006DF4AF /* ZDT4-PF.txt in Copy True Pareto fronts */ = {isa = PBXBuildFile; fileRef = 0375FBE721AEAA37006DF4AF /* ZDT4-PF.txt */; };
		0375FC2021AEAB17006DF4AF /* DTLZ3(15)-PF.txt in Copy True Pareto fronts */ = {isa = PBXBuildFile; fileRef = 0375FBE821AEAA37006DF4AF /* DTLZ3(15)-PF.txt */; };
		0375FC2121AEAB17006DF4AF /* DTLZ2(3)-PF.txt in Copy True Pareto fronts */ = {isa = PBXBuildFile; fileRef = 0375FBE921AEAA37006DF4AF /* DTLZ2(3)-PF.txt */; };
		0375FC2221AEAB17006DF4AF /* DTLZ2(8)-PF.txt in Copy True Pareto fronts */ = {isa = PBXBuildFile; fileRef = 0375FBEA21AEAA37006DF4AF /* DTLZ2(8)-PF.txt */; };
		0375FC2321AEAB17006DF4AF /* DTLZ4(15)-PF.txt in Copy True Pareto fronts */ = {isa = PBXBuildFile; fileRef = 0375FBEB21AEAA37006DF4AF /* DTLZ4(15)-PF.txt */; };
		0375FC2421AEAB17006DF4AF /* DTLZ1(5)-PF.txt in Copy True Pareto fronts */ = {isa = PBXBuildFile; fileRef = 0375FBEC21AEAA37006DF4AF /* DTLZ1(5)-PF.txt */; };
		0375FC2521AEAB17006DF4AF /* DTLZ4(8)-PF.txt in Copy True Pareto fronts */ = {isa = PBXBuildFile; fileRef = 0375FBED21AEAA37006DF4AF /* DTLZ4(8)-PF.txt */; };
		0375FC2621AEAB17006DF4AF /* DTLZ1(15)-PF.txt in Copy True Pareto fronts */ = {isa = PBXBuildFile; fileRef = 0375FBEE21AEAA37006DF4AF /* DTLZ1(15)-PF.txt */; };
		0375FC2721AEAB17006DF4AF /* DTLZ2(10)-PF.txt in Copy True Pareto fronts */ = {isa = PBXBuildFile; fileRef = 0375FBEF21AEAA37006DF4AF /* DTLZ2(10)-PF.txt */; };
		0375FC2821AEAB17006DF4AF /* DTLZ3(3)-PF.txt in Copy True Pareto fronts */ = {isa = PBXBuildFile; fileRef = 0375FBF021AEAA37006DF4AF /* DTLZ3(3)-PF.txt */; };
		0375FC2921AEAB17006DF4AF /* ZDT2-PF.txt in Copy True Pareto fronts */ = {isa = PBXBuildFile; fileRef = 0375FBF121AEAA37006DF4AF /* ZDT2-PF.txt */; };
		0375FC2A21AEAB17006DF4AF /* DTLZ2(15)-PF.txt in Copy True Pareto fronts */ = {isa = PBXBuildFile; fileRef = 0375FBF221AEAA37006DF4AF /* DTLZ2(15)-PF.txt */; };
		0375FC2B21AEAB17006DF4AF /* DTLZ1(8)-PF.txt in Copy True Pareto fronts */ = {isa = PBXBuildFile; fileRef = 0375FBF321AEAA37006DF4AF /* DTLZ1(8)-PF.txt */; };
		0375FC2C21AEAB17006DF4AF /* DTLZ1(10)-PF.txt in Copy True Pareto fronts */ = {isa = PBXBuildFile; fileRef = 0375FBF421AEAA37006DF4AF /* DTLZ1(10)-PF.txt */; };
		0375FC2D21AEAB17006DF4AF /* DTLZ2(5)-PF.txt in Copy True Pareto fronts */ = {isa = PBXBuildFile; fileRef = 0375FBF521AEAA37006DF4AF /* DTLZ2(5)-PF.txt */; };
		0375FC2E21AEAB17006DF4AF /* DTLZ4(10)-PF.txt in Copy True Pareto fronts */ = {isa = PBXBuildFile; fileRef = 0375FBF621AEAA37006DF4AF /* DTLZ4(10)-PF.txt */; };
		0375FC2F21AEAB17006DF4AF /* DTLZ4(5)-PF.txt in Copy True Pareto fronts */ = {isa = PBXBuildFile; fileRef = 0375FBF721AEAA37006DF4AF /* DTLZ4(5)-PF.txt */; };
		0375FC3121AEAB17006DF4AF /* DTLZ3(5)-PF.txt in Copy True Pareto fronts */ = {isa = PBXBuildFile; fileRef = 0375FBF921AEAA37006DF4AF /* DTLZ3(5)-PF.txt */; };
		0375FC3221AEAB17006DF4AF /* ZDT1-PF.txt in Copy True Pareto fronts */ = {isa = PBXBuildFile; fileRef = 0375FBFA21AEAA37006DF4AF /* ZDT1-PF.txt */; };
		0375FC3321AEAB17006DF4AF /* @readme.txt in Copy True Pareto fronts */ = {isa = PBXBuildFile; fileRef = 0375FBFB21AEAA37006DF4AF /* @readme.txt */; };
		0375FC3421AEAB17006DF4AF /* DTLZ3(10)-PF.txt in Copy True Pareto fronts */ = {isa = PBXBuildFile; fileRef = 0375FBFC21AEAA37006DF4AF /* DTLZ3(10)-PF.txt */; };
		0375FC3521AEAB17006DF4AF /* ZDT3-PF.txt in Copy True Pareto fronts */ = {isa = PBXBuildFile; fileRef = 0375FBFD21AEAA37006DF4AF /* ZDT3-PF.txt */; };
		0375FC3621AEAB17006DF4AF /* DTLZ1(3)-PF.txt in Copy True Pareto fronts */ = {isa = PBXBuildFile; fileRef = 0375FBFE21AEAA37006DF4AF /* DTLZ1(3)-PF.txt */; };
		0375FC3921AEAC68006DF4AF /* dummy in Copy Results folder */ = {isa = PBXBuildFile; fileRef = 0375FC3821AEAC59006DF4AF /* dummy */; };
/* End PBXBuildFile section */

/* Begin PBXCopyFilesBuildPhase section */
		0375FB3D21ADEFC9006DF4AF /* Copy Experiment initiation */ = {
			isa = PBXCopyFilesBuildPhase;
			buildActionMask = 12;
			dstPath = "";
			dstSubfolderSpec = 16;
			files = (
				0375FBFF21AEAA78006DF4AF /* explist.ini in Copy Experiment initiation */,
			);
			name = "Copy Experiment initiation";
			runOnlyForDeploymentPostprocessing = 0;
		};
		0375FC0021AEAAB7006DF4AF /* Copy Experiments */ = {
			isa = PBXCopyFilesBuildPhase;
			buildActionMask = 2147483647;
			dstPath = Experiments;
			dstSubfolderSpec = 16;
			files = (
				0375FC0121AEAAD3006DF4AF /* expDTLZ1(8).ini in Copy Experiments */,
				0375FC0221AEAAD3006DF4AF /* expDTLZ3(5).ini in Copy Experiments */,
				0375FC0321AEAAD3006DF4AF /* expDTLZ1(5).ini in Copy Experiments */,
				0375FC0421AEAAD3006DF4AF /* expDTLZ3(8).ini in Copy Experiments */,
				0375FC0521AEAAD3006DF4AF /* expDTLZ1(10).ini in Copy Experiments */,
				0375FC0621AEAAD3006DF4AF /* expDTLZ3(3).ini in Copy Experiments */,
				0375FC0721AEAAD3006DF4AF /* expDTLZ3(10).ini in Copy Experiments */,
				0375FC0821AEAAD3006DF4AF /* expDTLZ2(10).ini in Copy Experiments */,
				0375FC0921AEAAD3006DF4AF /* expDTLZ4(15).ini in Copy Experiments */,
				0375FC0A21AEAAD3006DF4AF /* expDTLZ1(3).ini in Copy Experiments */,
				0375FC0B21AEAAD3006DF4AF /* expSelf.ini in Copy Experiments */,
				0375FC0C21AEAAD3006DF4AF /* expDTLZ2(5).ini in Copy Experiments */,
				0375FC0D21AEAAD3006DF4AF /* expDTLZ4(3).ini in Copy Experiments */,
				0375FC0E21AEAAD3006DF4AF /* expDTLZ1(15).ini in Copy Experiments */,
				0375FC0F21AEAAD3006DF4AF /* expDTLZ2(8).ini in Copy Experiments */,
				0375FC1021AEAAD3006DF4AF /* expZDT4.ini in Copy Experiments */,
				0375FC1121AEAAD3006DF4AF /* expDTLZ2(15).ini in Copy Experiments */,
				0375FC1221AEAAD3006DF4AF /* expDTLZ4(10).ini in Copy Experiments */,
				0375FC1321AEAAD3006DF4AF /* expDTLZ2(3).ini in Copy Experiments */,
				0375FC1421AEAAD3006DF4AF /* expDTLZ4(5).ini in Copy Experiments */,
				0375FC1521AEAAD3006DF4AF /* expZDT6.ini in Copy Experiments */,
				0375FC1621AEAAD3006DF4AF /* expZDT2.ini in Copy Experiments */,
				0375FC1721AEAAD3006DF4AF /* expZDT3.ini in Copy Experiments */,
				0375FC1821AEAAD3006DF4AF /* expDTLZ4(8).ini in Copy Experiments */,
				0375FC1921AEAAD3006DF4AF /* expZDT1.ini in Copy Experiments */,
				0375FC1A21AEAAD3006DF4AF /* expDTLZ3(15).ini in Copy Experiments */,
			);
			name = "Copy Experiments";
			runOnlyForDeploymentPostprocessing = 0;
		};
		0375FC1B21AEAAFD006DF4AF /* Copy True Pareto fronts */ = {
			isa = PBXCopyFilesBuildPhase;
			buildActionMask = 2147483647;
			dstPath = PF;
			dstSubfolderSpec = 16;
			files = (
				0375FC1C21AEAB17006DF4AF /* DTLZ3(8)-PF.txt in Copy True Pareto fronts */,
				0375FC1D21AEAB17006DF4AF /* DTLZ4(3)-PF.txt in Copy True Pareto fronts */,
				0375FC1E21AEAB17006DF4AF /* ZDT6-PF.txt in Copy True Pareto fronts */,
				0375FC1F21AEAB17006DF4AF /* ZDT4-PF.txt in Copy True Pareto fronts */,
				0375FC2021AEAB17006DF4AF /* DTLZ3(15)-PF.txt in Copy True Pareto fronts */,
				0375FC2121AEAB17006DF4AF /* DTLZ2(3)-PF.txt in Copy True Pareto fronts */,
				0375FC2221AEAB17006DF4AF /* DTLZ2(8)-PF.txt in Copy True Pareto fronts */,
				0375FC2321AEAB17006DF4AF /* DTLZ4(15)-PF.txt in Copy True Pareto fronts */,
				0375FC2421AEAB17006DF4AF /* DTLZ1(5)-PF.txt in Copy True Pareto fronts */,
				0375FC2521AEAB17006DF4AF /* DTLZ4(8)-PF.txt in Copy True Pareto fronts */,
				0375FC2621AEAB17006DF4AF /* DTLZ1(15)-PF.txt in Copy True Pareto fronts */,
				0375FC2721AEAB17006DF4AF /* DTLZ2(10)-PF.txt in Copy True Pareto fronts */,
				0375FC2821AEAB17006DF4AF /* DTLZ3(3)-PF.txt in Copy True Pareto fronts */,
				0375FC2921AEAB17006DF4AF /* ZDT2-PF.txt in Copy True Pareto fronts */,
				0375FC2A21AEAB17006DF4AF /* DTLZ2(15)-PF.txt in Copy True Pareto fronts */,
				0375FC2B21AEAB17006DF4AF /* DTLZ1(8)-PF.txt in Copy True Pareto fronts */,
				0375FC2C21AEAB17006DF4AF /* DTLZ1(10)-PF.txt in Copy True Pareto fronts */,
				0375FC2D21AEAB17006DF4AF /* DTLZ2(5)-PF.txt in Copy True Pareto fronts */,
				0375FC2E21AEAB17006DF4AF /* DTLZ4(10)-PF.txt in Copy True Pareto fronts */,
				0375FC2F21AEAB17006DF4AF /* DTLZ4(5)-PF.txt in Copy True Pareto fronts */,
				0375FC3121AEAB17006DF4AF /* DTLZ3(5)-PF.txt in Copy True Pareto fronts */,
				0375FC3221AEAB17006DF4AF /* ZDT1-PF.txt in Copy True Pareto fronts */,
				0375FC3321AEAB17006DF4AF /* @readme.txt in Copy True Pareto fronts */,
				0375FC3421AEAB17006DF4AF /* DTLZ3(10)-PF.txt in Copy True Pareto fronts */,
				0375FC3521AEAB17006DF4AF /* ZDT3-PF.txt in Copy True Pareto fronts */,
				0375FC3621AEAB17006DF4AF /* DTLZ1(3)-PF.txt in Copy True Pareto fronts */,
			);
			name = "Copy True Pareto fronts";
			runOnlyForDeploymentPostprocessing = 0;
		};
		0375FC3721AEAC1C006DF4AF /* Copy Results folder */ = {
			isa = PBXCopyFilesBuildPhase;
			buildActionMask = 2147483647;
			dstPath = Results;
			dstSubfolderSpec = 16;
			files = (
				0375FC3921AEAC68006DF4AF /* dummy in Copy Results folder */,
			);
			name = "Copy Results folder";
			runOnlyForDeploymentPostprocessing = 0;
		};
/* End PBXCopyFilesBuildPhase section */

/* Begin PBXFileReference section */
		0375FB3F21ADEFC9006DF4AF /* nsga3 */ = {isa = PBXFileReference; explicitFileType = "compiled.mach-o.executable"; includeInIndex = 0; path = nsga3; sourceTree = BUILT_PRODUCTS_DIR; };
		0375FB8621AE75AF006DF4AF /* alg_population.h */ = {isa = PBXFileReference; fileEncoding = 4; lastKnownFileType = sourcecode.c.h; path = alg_population.h; sourceTree = "<group>"; };
		0375FB8721AE75AF006DF4AF /* alg_reference_point.h */ = {isa = PBXFileReference; fileEncoding = 4; lastKnownFileType = sourcecode.c.h; path = alg_reference_point.h; sourceTree = "<group>"; };
		0375FB8821AE75AF006DF4AF /* alg_mutation.cpp */ = {isa = PBXFileReference; fileEncoding = 4; lastKnownFileType = sourcecode.cpp.cpp; path = alg_mutation.cpp; sourceTree = "<group>"; };
		0375FB8921AE75AF006DF4AF /* alg_individual.h */ = {isa = PBXFileReference; fileEncoding = 4; lastKnownFileType = sourcecode.c.h; path = alg_individual.h; sourceTree = "<group>"; };
		0375FB8A21AE75AF006DF4AF /* aux_misc.h */ = {isa = PBXFileReference; fileEncoding = 4; lastKnownFileType = sourcecode.c.h; path = aux_misc.h; sourceTree = "<group>"; };
		0375FB8B21AE75B0006DF4AF /* alg_comparator.cpp */ = {isa = PBXFileReference; fileEncoding = 4; lastKnownFileType = sourcecode.cpp.cpp; path = alg_comparator.cpp; sourceTree = "<group>"; };
		0375FB8C21AE75B0006DF4AF /* alg_nondominated_sort.h */ = {isa = PBXFileReference; fileEncoding = 4; lastKnownFileType = sourcecode.c.h; path = alg_nondominated_sort.h; sourceTree = "<group>"; };
		0375FB8D21AE75B0006DF4AF /* alg_nondominated_sort.cpp */ = {isa = PBXFileReference; fileEncoding = 4; lastKnownFileType = sourcecode.cpp.cpp; path = alg_nondominated_sort.cpp; sourceTree = "<group>"; };
		0375FB8E21AE75B0006DF4AF /* exp_indicator.h */ = {isa = PBXFileReference; fileEncoding = 4; lastKnownFileType = sourcecode.c.h; path = exp_indicator.h; sourceTree = "<group>"; };
		0375FB8F21AE75B0006DF4AF /* gnuplot_interface.h */ = {isa = PBXFileReference; fileEncoding = 4; lastKnownFileType = sourcecode.c.h; path = gnuplot_interface.h; sourceTree = "<group>"; };
		0375FB9021AE75B0006DF4AF /* problem_base.h */ = {isa = PBXFileReference; fileEncoding = 4; lastKnownFileType = sourcecode.c.h; path = problem_base.h; sourceTree = "<group>"; };
		0375FB9121AE75B0006DF4AF /* main.cpp */ = {isa = PBXFileReference; fileEncoding = 4; lastKnownFileType = sourcecode.cpp.cpp; name = main.cpp; path = ../../../Downloads/nsga3cpp1/src/main.cpp; sourceTree = "<group>"; };
		0375FB9221AE75B0006DF4AF /* alg_nsgaiii.h */ = {isa = PBXFileReference; fileEncoding = 4; lastKnownFileType = sourcecode.c.h; path = alg_nsgaiii.h; sourceTree = "<group>"; };
		0375FB9321AE75B0006DF4AF /* problem_self.h */ = {isa = PBXFileReference; fileEncoding = 4; lastKnownFileType = sourcecode.c.h; path = problem_self.h; sourceTree = "<group>"; };
		0375FB9421AE75B0006DF4AF /* exp_experiment.cpp */ = {isa = PBXFileReference; fileEncoding = 4; lastKnownFileType = sourcecode.cpp.cpp; path = exp_experiment.cpp; sourceTree = "<group>"; };
		0375FB9521AE75B0006DF4AF /* alg_comparator.h */ = {isa = PBXFileReference; fileEncoding = 4; lastKnownFileType = sourcecode.c.h; path = alg_comparator.h; sourceTree = "<group>"; };
		0375FB9621AE75B1006DF4AF /* problem_DTLZ.h */ = {isa = PBXFileReference; fileEncoding = 4; lastKnownFileType = sourcecode.c.h; path = problem_DTLZ.h; sourceTree = "<group>"; };
		0375FB9721AE75B1006DF4AF /* alg_individual.cpp */ = {isa = PBXFileReference; fileEncoding = 4; lastKnownFileType = sourcecode.cpp.cpp; path = alg_individual.cpp; sourceTree = "<group>"; };
		0375FB9821AE75B1006DF4AF /* problem_factory.cpp */ = {isa = PBXFileReference; fileEncoding = 4; lastKnownFileType = sourcecode.cpp.cpp; path = problem_factory.cpp; sourceTree = "<group>"; };
		0375FB9921AE75B1006DF4AF /* problem_ZDT.h */ = {isa = PBXFileReference; fileEncoding = 4; lastKnownFileType = sourcecode.c.h; path = problem_ZDT.h; sourceTree = "<group>"; };
		0375FB9A21AE75B1006DF4AF /* alg_crossover.cpp */ = {isa = PBXFileReference; fileEncoding = 4; lastKnownFileType = sourcecode.cpp.cpp; path = alg_crossover.cpp; sourceTree = "<group>"; };
		0375FB9B21AE75B1006DF4AF /* gnuplot_interface.cpp */ = {isa = PBXFileReference; fileEncoding = 4; lastKnownFileType = sourcecode.cpp.cpp; path = gnuplot_interface.cpp; sourceTree = "<group>"; };
		0375FB9C21AE75B1006DF4AF /* problem_self.cpp */ = {isa = PBXFileReference; fileEncoding = 4; lastKnownFileType = sourcecode.cpp.cpp; path = problem_self.cpp; sourceTree = "<group>"; };
		0375FB9D21AE75B2006DF4AF /* aux_math.h */ = {isa = PBXFileReference; fileEncoding = 4; lastKnownFileType = sourcecode.c.h; path = aux_math.h; sourceTree = "<group>"; };
		0375FB9E21AE75B2006DF4AF /* alg_nsgaiii.cpp */ = {isa = PBXFileReference; fileEncoding = 4; lastKnownFileType = sourcecode.cpp.cpp; path = alg_nsgaiii.cpp; sourceTree = "<group>"; };
		0375FB9F21AE75B2006DF4AF /* log.cpp */ = {isa = PBXFileReference; fileEncoding = 4; lastKnownFileType = sourcecode.cpp.cpp; path = log.cpp; sourceTree = "<group>"; };
		0375FBA021AE75B2006DF4AF /* alg_environmental_selection.h */ = {isa = PBXFileReference; fileEncoding = 4; lastKnownFileType = sourcecode.c.h; path = alg_environmental_selection.h; sourceTree = "<group>"; };
		0375FBA121AE75B2006DF4AF /* problem_DTLZ.cpp */ = {isa = PBXFileReference; fileEncoding = 4; lastKnownFileType = sourcecode.cpp.cpp; path = problem_DTLZ.cpp; sourceTree = "<group>"; };
		0375FBA221AE75B2006DF4AF /* problem_ZDT.cpp */ = {isa = PBXFileReference; fileEncoding = 4; lastKnownFileType = sourcecode.cpp.cpp; path = problem_ZDT.cpp; sourceTree = "<group>"; };
		0375FBA321AE75B2006DF4AF /* alg_initialization.h */ = {isa = PBXFileReference; fileEncoding = 4; lastKnownFileType = sourcecode.c.h; path = alg_initialization.h; sourceTree = "<group>"; };
		0375FBA421AE75B3006DF4AF /* log.h */ = {isa = PBXFileReference; fileEncoding = 4; lastKnownFileType = sourcecode.c.h; path = log.h; sourceTree = "<group>"; };
		0375FBA521AE75B3006DF4AF /* exp_indicator.cpp */ = {isa = PBXFileReference; fileEncoding = 4; lastKnownFileType = sourcecode.cpp.cpp; path = exp_indicator.cpp; sourceTree = "<group>"; };
		0375FBA621AE75B3006DF4AF /* exp_experiment.h */ = {isa = PBXFileReference; fileEncoding = 4; lastKnownFileType = sourcecode.c.h; path = exp_experiment.h; sourceTree = "<group>"; };
		0375FBA721AE75B3006DF4AF /* alg_initialization.cpp */ = {isa = PBXFileReference; fileEncoding = 4; lastKnownFileType = sourcecode.cpp.cpp; path = alg_initialization.cpp; sourceTree = "<group>"; };
		0375FBA821AE75B3006DF4AF /* aux_math.cpp */ = {isa = PBXFileReference; fileEncoding = 4; lastKnownFileType = sourcecode.cpp.cpp; path = aux_math.cpp; sourceTree = "<group>"; };
		0375FBA921AE75B4006DF4AF /* problem_factory.h */ = {isa = PBXFileReference; fileEncoding = 4; lastKnownFileType = sourcecode.c.h; path = problem_factory.h; sourceTree = "<group>"; };
		0375FBAA21AE75B4006DF4AF /* alg_reference_point.cpp */ = {isa = PBXFileReference; fileEncoding = 4; lastKnownFileType = sourcecode.cpp.cpp; path = alg_reference_point.cpp; sourceTree = "<group>"; };
		0375FBAB21AE75B4006DF4AF /* alg_mutation.h */ = {isa = PBXFileReference; fileEncoding = 4; lastKnownFileType = sourcecode.c.h; path = alg_mutation.h; sourceTree = "<group>"; };
		0375FBAC21AE75B4006DF4AF /* alg_environmental_selection.cpp */ = {isa = PBXFileReference; fileEncoding = 4; lastKnownFileType = sourcecode.cpp.cpp; path = alg_environmental_selection.cpp; sourceTree = "<group>"; };
		0375FBAD21AE75B4006DF4AF /* aux_misc.cpp */ = {isa = PBXFileReference; fileEncoding = 4; lastKnownFileType = sourcecode.cpp.cpp; path = aux_misc.cpp; sourceTree = "<group>"; };
		0375FBAE21AE75B5006DF4AF /* alg_crossover.h */ = {isa = PBXFileReference; fileEncoding = 4; lastKnownFileType = sourcecode.c.h; path = alg_crossover.h; sourceTree = "<group>"; };
		0375FBC721AEAA37006DF4AF /* explist.ini */ = {isa = PBXFileReference; lastKnownFileType = text; path = explist.ini; sourceTree = "<group>"; };
		0375FBC921AEAA37006DF4AF /* expDTLZ1(8).ini */ = {isa = PBXFileReference; lastKnownFileType = text; path = "expDTLZ1(8).ini"; sourceTree = "<group>"; };
		0375FBCA21AEAA37006DF4AF /* expDTLZ3(5).ini */ = {isa = PBXFileReference; lastKnownFileType = text; path = "expDTLZ3(5).ini"; sourceTree = "<group>"; };
		0375FBCB21AEAA37006DF4AF /* expDTLZ1(5).ini */ = {isa = PBXFileReference; lastKnownFileType = text; path = "expDTLZ1(5).ini"; sourceTree = "<group>"; };
		0375FBCC21AEAA37006DF4AF /* expDTLZ3(8).ini */ = {isa = PBXFileReference; lastKnownFileType = text; path = "expDTLZ3(8).ini"; sourceTree = "<group>"; };
		0375FBCD21AEAA37006DF4AF /* expDTLZ1(10).ini */ = {isa = PBXFileReference; lastKnownFileType = text; path = "expDTLZ1(10).ini"; sourceTree = "<group>"; };
		0375FBCE21AEAA37006DF4AF /* expDTLZ3(3).ini */ = {isa = PBXFileReference; lastKnownFileType = text; path = "expDTLZ3(3).ini"; sourceTree = "<group>"; };
		0375FBCF21AEAA37006DF4AF /* expDTLZ3(10).ini */ = {isa = PBXFileReference; lastKnownFileType = text; path = "expDTLZ3(10).ini"; sourceTree = "<group>"; };
		0375FBD021AEAA37006DF4AF /* expDTLZ2(10).ini */ = {isa = PBXFileReference; lastKnownFileType = text; path = "expDTLZ2(10).ini"; sourceTree = "<group>"; };
		0375FBD121AEAA37006DF4AF /* expDTLZ4(15).ini */ = {isa = PBXFileReference; lastKnownFileType = text; path = "expDTLZ4(15).ini"; sourceTree = "<group>"; };
		0375FBD221AEAA37006DF4AF /* expDTLZ1(3).ini */ = {isa = PBXFileReference; lastKnownFileType = text; path = "expDTLZ1(3).ini"; sourceTree = "<group>"; };
		0375FBD321AEAA37006DF4AF /* expSelf.ini */ = {isa = PBXFileReference; lastKnownFileType = text; path = expSelf.ini; sourceTree = "<group>"; };
		0375FBD421AEAA37006DF4AF /* expDTLZ2(5).ini */ = {isa = PBXFileReference; lastKnownFileType = text; path = "expDTLZ2(5).ini"; sourceTree = "<group>"; };
		0375FBD521AEAA37006DF4AF /* expDTLZ4(3).ini */ = {isa = PBXFileReference; lastKnownFileType = text; path = "expDTLZ4(3).ini"; sourceTree = "<group>"; };
		0375FBD621AEAA37006DF4AF /* expDTLZ1(15).ini */ = {isa = PBXFileReference; lastKnownFileType = text; path = "expDTLZ1(15).ini"; sourceTree = "<group>"; };
		0375FBD721AEAA37006DF4AF /* expDTLZ2(8).ini */ = {isa = PBXFileReference; lastKnownFileType = text; path = "expDTLZ2(8).ini"; sourceTree = "<group>"; };
		0375FBD821AEAA37006DF4AF /* expZDT4.ini */ = {isa = PBXFileReference; lastKnownFileType = text; path = expZDT4.ini; sourceTree = "<group>"; };
		0375FBD921AEAA37006DF4AF /* expDTLZ2(15).ini */ = {isa = PBXFileReference; lastKnownFileType = text; path = "expDTLZ2(15).ini"; sourceTree = "<group>"; };
		0375FBDA21AEAA37006DF4AF /* expDTLZ4(10).ini */ = {isa = PBXFileReference; lastKnownFileType = text; path = "expDTLZ4(10).ini"; sourceTree = "<group>"; };
		0375FBDB21AEAA37006DF4AF /* expDTLZ2(3).ini */ = {isa = PBXFileReference; lastKnownFileType = text; path = "expDTLZ2(3).ini"; sourceTree = "<group>"; };
		0375FBDC21AEAA37006DF4AF /* expDTLZ4(5).ini */ = {isa = PBXFileReference; lastKnownFileType = text; path = "expDTLZ4(5).ini"; sourceTree = "<group>"; };
		0375FBDD21AEAA37006DF4AF /* expZDT6.ini */ = {isa = PBXFileReference; lastKnownFileType = text; path = expZDT6.ini; sourceTree = "<group>"; };
		0375FBDE21AEAA37006DF4AF /* expZDT2.ini */ = {isa = PBXFileReference; lastKnownFileType = text; path = expZDT2.ini; sourceTree = "<group>"; };
		0375FBDF21AEAA37006DF4AF /* expZDT3.ini */ = {isa = PBXFileReference; lastKnownFileType = text; path = expZDT3.ini; sourceTree = "<group>"; };
		0375FBE021AEAA37006DF4AF /* expDTLZ4(8).ini */ = {isa = PBXFileReference; lastKnownFileType = text; path = "expDTLZ4(8).ini"; sourceTree = "<group>"; };
		0375FBE121AEAA37006DF4AF /* expZDT1.ini */ = {isa = PBXFileReference; lastKnownFileType = text; path = expZDT1.ini; sourceTree = "<group>"; };
		0375FBE221AEAA37006DF4AF /* expDTLZ3(15).ini */ = {isa = PBXFileReference; lastKnownFileType = text; path = "expDTLZ3(15).ini"; sourceTree = "<group>"; };
		0375FBE421AEAA37006DF4AF /* DTLZ3(8)-PF.txt */ = {isa = PBXFileReference; lastKnownFileType = text; path = "DTLZ3(8)-PF.txt"; sourceTree = "<group>"; };
		0375FBE521AEAA37006DF4AF /* DTLZ4(3)-PF.txt */ = {isa = PBXFileReference; lastKnownFileType = text; path = "DTLZ4(3)-PF.txt"; sourceTree = "<group>"; };
		0375FBE621AEAA37006DF4AF /* ZDT6-PF.txt */ = {isa = PBXFileReference; lastKnownFileType = text; path = "ZDT6-PF.txt"; sourceTree = "<group>"; };
		0375FBE721AEAA37006DF4AF /* ZDT4-PF.txt */ = {isa = PBXFileReference; lastKnownFileType = text; path = "ZDT4-PF.txt"; sourceTree = "<group>"; };
		0375FBE821AEAA37006DF4AF /* DTLZ3(15)-PF.txt */ = {isa = PBXFileReference; lastKnownFileType = text; path = "DTLZ3(15)-PF.txt"; sourceTree = "<group>"; };
		0375FBE921AEAA37006DF4AF /* DTLZ2(3)-PF.txt */ = {isa = PBXFileReference; lastKnownFileType = text; path = "DTLZ2(3)-PF.txt"; sourceTree = "<group>"; };
		0375FBEA21AEAA37006DF4AF /* DTLZ2(8)-PF.txt */ = {isa = PBXFileReference; lastKnownFileType = text; path = "DTLZ2(8)-PF.txt"; sourceTree = "<group>"; };
		0375FBEB21AEAA37006DF4AF /* DTLZ4(15)-PF.txt */ = {isa = PBXFileReference; lastKnownFileType = text; path = "DTLZ4(15)-PF.txt"; sourceTree = "<group>"; };
		0375FBEC21AEAA37006DF4AF /* DTLZ1(5)-PF.txt */ = {isa = PBXFileReference; lastKnownFileType = text; path = "DTLZ1(5)-PF.txt"; sourceTree = "<group>"; };
		0375FBED21AEAA37006DF4AF /* DTLZ4(8)-PF.txt */ = {isa = PBXFileReference; lastKnownFileType = text; path = "DTLZ4(8)-PF.txt"; sourceTree = "<group>"; };
		0375FBEE21AEAA37006DF4AF /* DTLZ1(15)-PF.txt */ = {isa = PBXFileReference; lastKnownFileType = text; path = "DTLZ1(15)-PF.txt"; sourceTree = "<group>"; };
		0375FBEF21AEAA37006DF4AF /* DTLZ2(10)-PF.txt */ = {isa = PBXFileReference; lastKnownFileType = text; path = "DTLZ2(10)-PF.txt"; sourceTree = "<group>"; };
		0375FBF021AEAA37006DF4AF /* DTLZ3(3)-PF.txt */ = {isa = PBXFileReference; lastKnownFileType = text; path = "DTLZ3(3)-PF.txt"; sourceTree = "<group>"; };
		0375FBF121AEAA37006DF4AF /* ZDT2-PF.txt */ = {isa = PBXFileReference; lastKnownFileType = text; path = "ZDT2-PF.txt"; sourceTree = "<group>"; };
		0375FBF221AEAA37006DF4AF /* DTLZ2(15)-PF.txt */ = {isa = PBXFileReference; lastKnownFileType = text; path = "DTLZ2(15)-PF.txt"; sourceTree = "<group>"; };
		0375FBF321AEAA37006DF4AF /* DTLZ1(8)-PF.txt */ = {isa = PBXFileReference; lastKnownFileType = text; path = "DTLZ1(8)-PF.txt"; sourceTree = "<group>"; };
		0375FBF421AEAA37006DF4AF /* DTLZ1(10)-PF.txt */ = {isa = PBXFileReference; lastKnownFileType = text; path = "DTLZ1(10)-PF.txt"; sourceTree = "<group>"; };
		0375FBF521AEAA37006DF4AF /* DTLZ2(5)-PF.txt */ = {isa = PBXFileReference; lastKnownFileType = text; path = "DTLZ2(5)-PF.txt"; sourceTree = "<group>"; };
		0375FBF621AEAA37006DF4AF /* DTLZ4(10)-PF.txt */ = {isa = PBXFileReference; lastKnownFileType = text; path = "DTLZ4(10)-PF.txt"; sourceTree = "<group>"; };
		0375FBF721AEAA37006DF4AF /* DTLZ4(5)-PF.txt */ = {isa = PBXFileReference; lastKnownFileType = text; path = "DTLZ4(5)-PF.txt"; sourceTree = "<group>"; };
		0375FBF821AEAA37006DF4AF /* DTLZ_PF_Generator.cpp */ = {isa = PBXFileReference; lastKnownFileType = sourcecode.cpp.cpp; path = DTLZ_PF_Generator.cpp; sourceTree = "<group>"; };
		0375FBF921AEAA37006DF4AF /* DTLZ3(5)-PF.txt */ = {isa = PBXFileReference; lastKnownFileType = text; path = "DTLZ3(5)-PF.txt"; sourceTree = "<group>"; };
		0375FBFA21AEAA37006DF4AF /* ZDT1-PF.txt */ = {isa = PBXFileReference; lastKnownFileType = text; path = "ZDT1-PF.txt"; sourceTree = "<group>"; };
		0375FBFB21AEAA37006DF4AF /* @readme.txt */ = {isa = PBXFileReference; lastKnownFileType = text; path = "@readme.txt"; sourceTree = "<group>"; };
		0375FBFC21AEAA37006DF4AF /* DTLZ3(10)-PF.txt */ = {isa = PBXFileReference; lastKnownFileType = text; path = "DTLZ3(10)-PF.txt"; sourceTree = "<group>"; };
		0375FBFD21AEAA37006DF4AF /* ZDT3-PF.txt */ = {isa = PBXFileReference; lastKnownFileType = text; path = "ZDT3-PF.txt"; sourceTree = "<group>"; };
		0375FBFE21AEAA37006DF4AF /* DTLZ1(3)-PF.txt */ = {isa = PBXFileReference; lastKnownFileType = text; path = "DTLZ1(3)-PF.txt"; sourceTree = "<group>"; };
		0375FC3821AEAC59006DF4AF /* dummy */ = {isa = PBXFileReference; lastKnownFileType = text; path = dummy; sourceTree = "<group>"; };
/* End PBXFileReference section */

/* Begin PBXFrameworksBuildPhase section */
		0375FB3C21ADEFC9006DF4AF /* Frameworks */ = {
			isa = PBXFrameworksBuildPhase;
			buildActionMask = 2147483647;
			files = (
			);
			runOnlyForDeploymentPostprocessing = 0;
		};
/* End PBXFrameworksBuildPhase section */

/* Begin PBXGroup section */
		0375FB3621ADEFC9006DF4AF = {
			isa = PBXGroup;
			children = (
				0375FC3821AEAC59006DF4AF /* dummy */,
				0375FBC821AEAA37006DF4AF /* Experiments */,
				0375FBC721AEAA37006DF4AF /* explist.ini */,
				0375FBE321AEAA37006DF4AF /* PF */,
				0375FB4121ADEFC9006DF4AF /* nsga3 */,
				0375FB4021ADEFC9006DF4AF /* Products */,
			);
			sourceTree = "<group>";
		};
		0375FB4021ADEFC9006DF4AF /* Products */ = {
			isa = PBXGroup;
			children = (
				0375FB3F21ADEFC9006DF4AF /* nsga3 */,
			);
			name = Products;
			sourceTree = "<group>";
		};
		0375FB4121ADEFC9006DF4AF /* nsga3 */ = {
			isa = PBXGroup;
			children = (
				0375FB8B21AE75B0006DF4AF /* alg_comparator.cpp */,
				0375FB9521AE75B0006DF4AF /* alg_comparator.h */,
				0375FB9A21AE75B1006DF4AF /* alg_crossover.cpp */,
				0375FBAE21AE75B5006DF4AF /* alg_crossover.h */,
				0375FBAC21AE75B4006DF4AF /* alg_environmental_selection.cpp */,
				0375FBA021AE75B2006DF4AF /* alg_environmental_selection.h */,
				0375FB9721AE75B1006DF4AF /* alg_individual.cpp */,
				0375FB8921AE75AF006DF4AF /* alg_individual.h */,
				0375FBA721AE75B3006DF4AF /* alg_initialization.cpp */,
				0375FBA321AE75B2006DF4AF /* alg_initialization.h */,
				0375FB8821AE75AF006DF4AF /* alg_mutation.cpp */,
				0375FBAB21AE75B4006DF4AF /* alg_mutation.h */,
				0375FB8D21AE75B0006DF4AF /* alg_nondominated_sort.cpp */,
				0375FB8C21AE75B0006DF4AF /* alg_nondominated_sort.h */,
				0375FB9E21AE75B2006DF4AF /* alg_nsgaiii.cpp */,
				0375FB9221AE75B0006DF4AF /* alg_nsgaiii.h */,
				0375FB8621AE75AF006DF4AF /* alg_population.h */,
				0375FBAA21AE75B4006DF4AF /* alg_reference_point.cpp */,
				0375FB8721AE75AF006DF4AF /* alg_reference_point.h */,
				0375FBA821AE75B3006DF4AF /* aux_math.cpp */,
				0375FB9D21AE75B2006DF4AF /* aux_math.h */,
				0375FBAD21AE75B4006DF4AF /* aux_misc.cpp */,
				0375FB8A21AE75AF006DF4AF /* aux_misc.h */,
				0375FB9421AE75B0006DF4AF /* exp_experiment.cpp */,
				0375FBA621AE75B3006DF4AF /* exp_experiment.h */,
				0375FBA521AE75B3006DF4AF /* exp_indicator.cpp */,
				0375FB8E21AE75B0006DF4AF /* exp_indicator.h */,
				0375FB9B21AE75B1006DF4AF /* gnuplot_interface.cpp */,
				0375FB8F21AE75B0006DF4AF /* gnuplot_interface.h */,
				0375FB9F21AE75B2006DF4AF /* log.cpp */,
				0375FBA421AE75B3006DF4AF /* log.h */,
				0375FB9121AE75B0006DF4AF /* main.cpp */,
				0375FB9021AE75B0006DF4AF /* problem_base.h */,
				0375FBA121AE75B2006DF4AF /* problem_DTLZ.cpp */,
				0375FB9621AE75B1006DF4AF /* problem_DTLZ.h */,
				0375FB9821AE75B1006DF4AF /* problem_factory.cpp */,
				0375FBA921AE75B4006DF4AF /* problem_factory.h */,
				0375FB9C21AE75B1006DF4AF /* problem_self.cpp */,
				0375FB9321AE75B0006DF4AF /* problem_self.h */,
				0375FBA221AE75B2006DF4AF /* problem_ZDT.cpp */,
				0375FB9921AE75B1006DF4AF /* problem_ZDT.h */,
			);
			path = nsga3;
			sourceTree = "<group>";
		};
		0375FBC821AEAA37006DF4AF /* Experiments */ = {
			isa = PBXGroup;
			children = (
				0375FBC921AEAA37006DF4AF /* expDTLZ1(8).ini */,
				0375FBCA21AEAA37006DF4AF /* expDTLZ3(5).ini */,
				0375FBCB21AEAA37006DF4AF /* expDTLZ1(5).ini */,
				0375FBCC21AEAA37006DF4AF /* expDTLZ3(8).ini */,
				0375FBCD21AEAA37006DF4AF /* expDTLZ1(10).ini */,
				0375FBCE21AEAA37006DF4AF /* expDTLZ3(3).ini */,
				0375FBCF21AEAA37006DF4AF /* expDTLZ3(10).ini */,
				0375FBD021AEAA37006DF4AF /* expDTLZ2(10).ini */,
				0375FBD121AEAA37006DF4AF /* expDTLZ4(15).ini */,
				0375FBD221AEAA37006DF4AF /* expDTLZ1(3).ini */,
				0375FBD321AEAA37006DF4AF /* expSelf.ini */,
				0375FBD421AEAA37006DF4AF /* expDTLZ2(5).ini */,
				0375FBD521AEAA37006DF4AF /* expDTLZ4(3).ini */,
				0375FBD621AEAA37006DF4AF /* expDTLZ1(15).ini */,
				0375FBD721AEAA37006DF4AF /* expDTLZ2(8).ini */,
				0375FBD821AEAA37006DF4AF /* expZDT4.ini */,
				0375FBD921AEAA37006DF4AF /* expDTLZ2(15).ini */,
				0375FBDA21AEAA37006DF4AF /* expDTLZ4(10).ini */,
				0375FBDB21AEAA37006DF4AF /* expDTLZ2(3).ini */,
				0375FBDC21AEAA37006DF4AF /* expDTLZ4(5).ini */,
				0375FBDD21AEAA37006DF4AF /* expZDT6.ini */,
				0375FBDE21AEAA37006DF4AF /* expZDT2.ini */,
				0375FBDF21AEAA37006DF4AF /* expZDT3.ini */,
				0375FBE021AEAA37006DF4AF /* expDTLZ4(8).ini */,
				0375FBE121AEAA37006DF4AF /* expZDT1.ini */,
				0375FBE221AEAA37006DF4AF /* expDTLZ3(15).ini */,
			);
			path = Experiments;
			sourceTree = "<group>";
		};
		0375FBE321AEAA37006DF4AF /* PF */ = {
			isa = PBXGroup;
			children = (
				0375FBE421AEAA37006DF4AF /* DTLZ3(8)-PF.txt */,
				0375FBE521AEAA37006DF4AF /* DTLZ4(3)-PF.txt */,
				0375FBE621AEAA37006DF4AF /* ZDT6-PF.txt */,
				0375FBE721AEAA37006DF4AF /* ZDT4-PF.txt */,
				0375FBE821AEAA37006DF4AF /* DTLZ3(15)-PF.txt */,
				0375FBE921AEAA37006DF4AF /* DTLZ2(3)-PF.txt */,
				0375FBEA21AEAA37006DF4AF /* DTLZ2(8)-PF.txt */,
				0375FBEB21AEAA37006DF4AF /* DTLZ4(15)-PF.txt */,
				0375FBEC21AEAA37006DF4AF /* DTLZ1(5)-PF.txt */,
				0375FBED21AEAA37006DF4AF /* DTLZ4(8)-PF.txt */,
				0375FBEE21AEAA37006DF4AF /* DTLZ1(15)-PF.txt */,
				0375FBEF21AEAA37006DF4AF /* DTLZ2(10)-PF.txt */,
				0375FBF021AEAA37006DF4AF /* DTLZ3(3)-PF.txt */,
				0375FBF121AEAA37006DF4AF /* ZDT2-PF.txt */,
				0375FBF221AEAA37006DF4AF /* DTLZ2(15)-PF.txt */,
				0375FBF321AEAA37006DF4AF /* DTLZ1(8)-PF.txt */,
				0375FBF421AEAA37006DF4AF /* DTLZ1(10)-PF.txt */,
				0375FBF521AEAA37006DF4AF /* DTLZ2(5)-PF.txt */,
				0375FBF621AEAA37006DF4AF /* DTLZ4(10)-PF.txt */,
				0375FBF721AEAA37006DF4AF /* DTLZ4(5)-PF.txt */,
				0375FBF821AEAA37006DF4AF /* DTLZ_PF_Generator.cpp */,
				0375FBF921AEAA37006DF4AF /* DTLZ3(5)-PF.txt */,
				0375FBFA21AEAA37006DF4AF /* ZDT1-PF.txt */,
				0375FBFB21AEAA37006DF4AF /* @readme.txt */,
				0375FBFC21AEAA37006DF4AF /* DTLZ3(10)-PF.txt */,
				0375FBFD21AEAA37006DF4AF /* ZDT3-PF.txt */,
				0375FBFE21AEAA37006DF4AF /* DTLZ1(3)-PF.txt */,
			);
			path = PF;
			sourceTree = "<group>";
		};
/* End PBXGroup section */

/* Begin PBXNativeTarget section */
		0375FB3E21ADEFC9006DF4AF /* nsga3 */ = {
			isa = PBXNativeTarget;
			buildConfigurationList = 0375FB4621ADEFC9006DF4AF /* Build configuration list for PBXNativeTarget "nsga3" */;
			buildPhases = (
				0375FB3B21ADEFC9006DF4AF /* Sources */,
				0375FB3C21ADEFC9006DF4AF /* Frameworks */,
				0375FB3D21ADEFC9006DF4AF /* Copy Experiment initiation */,
				0375FC0021AEAAB7006DF4AF /* Copy Experiments */,
				0375FC1B21AEAAFD006DF4AF /* Copy True Pareto fronts */,
				0375FC3721AEAC1C006DF4AF /* Copy Results folder */,
			);
			buildRules = (
			);
			dependencies = (
			);
			name = nsga3;
			productName = nsga3;
			productReference = 0375FB3F21ADEFC9006DF4AF /* nsga3 */;
			productType = "com.apple.product-type.tool";
		};
/* End PBXNativeTarget section */

/* Begin PBXProject section */
		0375FB3721ADEFC9006DF4AF /* Project object */ = {
			isa = PBXProject;
			attributes = {
				LastUpgradeCheck = 1010;
				ORGANIZATIONNAME = "Viktoras Laukevicius";
				TargetAttributes = {
					0375FB3E21ADEFC9006DF4AF = {
						CreatedOnToolsVersion = 10.1;
					};
				};
			};
			buildConfigurationList = 0375FB3A21ADEFC9006DF4AF /* Build configuration list for PBXProject "nsga3" */;
			compatibilityVersion = "Xcode 9.3";
			developmentRegion = en;
			hasScannedForEncodings = 0;
			knownRegions = (
				en,
			);
			mainGroup = 0375FB3621ADEFC9006DF4AF;
			productRefGroup = 0375FB4021ADEFC9006DF4AF /* Products */;
			projectDirPath = "";
			projectRoot = "";
			targets = (
				0375FB3E21ADEFC9006DF4AF /* nsga3 */,
			);
		};
/* End PBXProject section */

/* Begin PBXSourcesBuildPhase section */
		0375FB3B21ADEFC9006DF4AF /* Sources */ = {
			isa = PBXSourcesBuildPhase;
			buildActionMask = 2147483647;
			files = (
				0375FBBF21AE75B5006DF4AF /* aux_math.cpp in Sources */,
				0375FBB621AE75B5006DF4AF /* alg_crossover.cpp in Sources */,
				0375FBC121AE75B5006DF4AF /* alg_environmental_selection.cpp in Sources */,
				0375FBC221AE75B5006DF4AF /* aux_misc.cpp in Sources */,
				0375FBB121AE75B5006DF4AF /* alg_nondominated_sort.cpp in Sources */,
				0375FBB721AE75B5006DF4AF /* gnuplot_interface.cpp in Sources */,
				0375FBC021AE75B5006DF4AF /* alg_reference_point.cpp in Sources */,
				0375FBBE21AE75B5006DF4AF /* alg_initialization.cpp in Sources */,
				0375FBB321AE75B5006DF4AF /* exp_experiment.cpp in Sources */,
				0375FBAF21AE75B5006DF4AF /* alg_mutation.cpp in Sources */,
				0375FBBC21AE75B5006DF4AF /* problem_ZDT.cpp in Sources */,
				0375FBB521AE75B5006DF4AF /* problem_factory.cpp in Sources */,
				0375FBBB21AE75B5006DF4AF /* problem_DTLZ.cpp in Sources */,
				0375FBB921AE75B5006DF4AF /* alg_nsgaiii.cpp in Sources */,
				0375FBB821AE75B5006DF4AF /* problem_self.cpp in Sources */,
				0375FBBD21AE75B5006DF4AF /* exp_indicator.cpp in Sources */,
				0375FBB421AE75B5006DF4AF /* alg_individual.cpp in Sources */,
				0375FBBA21AE75B5006DF4AF /* log.cpp in Sources */,
				0375FBB221AE75B5006DF4AF /* main.cpp in Sources */,
				0375FBB021AE75B5006DF4AF /* alg_comparator.cpp in Sources */,
			);
			runOnlyForDeploymentPostprocessing = 0;
		};
/* End PBXSourcesBuildPhase section */

/* Begin XCBuildConfiguration section */
		0375FB4421ADEFC9006DF4AF /* Debug */ = {
			isa = XCBuildConfiguration;
			buildSettings = {
				ALWAYS_SEARCH_USER_PATHS = NO;
				CLANG_ANALYZER_NONNULL = YES;
				CLANG_ANALYZER_NUMBER_OBJECT_CONVERSION = YES_AGGRESSIVE;
				CLANG_CXX_LANGUAGE_STANDARD = "gnu++14";
				CLANG_CXX_LIBRARY = "libc++";
				CLANG_ENABLE_MODULES = YES;
				CLANG_ENABLE_OBJC_ARC = YES;
				CLANG_ENABLE_OBJC_WEAK = YES;
				CLANG_WARN_BLOCK_CAPTURE_AUTORELEASING = YES;
				CLANG_WARN_BOOL_CONVERSION = YES;
				CLANG_WARN_COMMA = YES;
				CLANG_WARN_CONSTANT_CONVERSION = YES;
				CLANG_WARN_DEPRECATED_OBJC_IMPLEMENTATIONS = YES;
				CLANG_WARN_DIRECT_OBJC_ISA_USAGE = YES_ERROR;
				CLANG_WARN_DOCUMENTATION_COMMENTS = YES;
				CLANG_WARN_EMPTY_BODY = YES;
				CLANG_WARN_ENUM_CONVERSION = YES;
				CLANG_WARN_INFINITE_RECURSION = YES;
				CLANG_WARN_INT_CONVERSION = YES;
				CLANG_WARN_NON_LITERAL_NULL_CONVERSION = YES;
				CLANG_WARN_OBJC_IMPLICIT_RETAIN_SELF = YES;
				CLANG_WARN_OBJC_LITERAL_CONVERSION = YES;
				CLANG_WARN_OBJC_ROOT_CLASS = YES_ERROR;
				CLANG_WARN_RANGE_LOOP_ANALYSIS = YES;
				CLANG_WARN_STRICT_PROTOTYPES = YES;
				CLANG_WARN_SUSPICIOUS_MOVE = YES;
				CLANG_WARN_UNGUARDED_AVAILABILITY = YES_AGGRESSIVE;
				CLANG_WARN_UNREACHABLE_CODE = YES;
				CLANG_WARN__DUPLICATE_METHOD_MATCH = YES;
				CODE_SIGN_IDENTITY = "-";
				COPY_PHASE_STRIP = NO;
				DEBUG_INFORMATION_FORMAT = dwarf;
				ENABLE_STRICT_OBJC_MSGSEND = YES;
				ENABLE_TESTABILITY = YES;
				GCC_C_LANGUAGE_STANDARD = gnu11;
				GCC_DYNAMIC_NO_PIC = NO;
				GCC_NO_COMMON_BLOCKS = YES;
				GCC_OPTIMIZATION_LEVEL = 0;
				GCC_PREPROCESSOR_DEFINITIONS = (
					"DEBUG=1",
					"$(inherited)",
					DO_NOT_HAVE_GNUPLOT,
				);
				GCC_WARN_64_TO_32_BIT_CONVERSION = YES;
				GCC_WARN_ABOUT_RETURN_TYPE = YES_ERROR;
				GCC_WARN_UNDECLARED_SELECTOR = YES;
				GCC_WARN_UNINITIALIZED_AUTOS = YES_AGGRESSIVE;
				GCC_WARN_UNUSED_FUNCTION = YES;
				GCC_WARN_UNUSED_VARIABLE = YES;
				MACOSX_DEPLOYMENT_TARGET = 10.14;
				MTL_ENABLE_DEBUG_INFO = INCLUDE_SOURCE;
				MTL_FAST_MATH = YES;
				ONLY_ACTIVE_ARCH = YES;
				SDKROOT = macosx;
			};
			name = Debug;
		};
		0375FB4521ADEFC9006DF4AF /* Release */ = {
			isa = XCBuildConfiguration;
			buildSettings = {
				ALWAYS_SEARCH_USER_PATHS = NO;
				CLANG_ANALYZER_NONNULL = YES;
				CLANG_ANALYZER_NUMBER_OBJECT_CONVERSION = YES_AGGRESSIVE;
				CLANG_CXX_LANGUAGE_STANDARD = "gnu++14";
				CLANG_CXX_LIBRARY = "libc++";
				CLANG_ENABLE_MODULES = YES;
				CLANG_ENABLE_OBJC_ARC = YES;
				CLANG_ENABLE_OBJC_WEAK = YES;
				CLANG_WARN_BLOCK_CAPTURE_AUTORELEASING = YES;
				CLANG_WARN_BOOL_CONVERSION = YES;
				CLANG_WARN_COMMA = YES;
				CLANG_WARN_CONSTANT_CONVERSION = YES;
				CLANG_WARN_DEPRECATED_OBJC_IMPLEMENTATIONS = YES;
				CLANG_WARN_DIRECT_OBJC_ISA_USAGE = YES_ERROR;
				CLANG_WARN_DOCUMENTATION_COMMENTS = YES;
				CLANG_WARN_EMPTY_BODY = YES;
				CLANG_WARN_ENUM_CONVERSION = YES;
				CLANG_WARN_INFINITE_RECURSION = YES;
				CLANG_WARN_INT_CONVERSION = YES;
				CLANG_WARN_NON_LITERAL_NULL_CONVERSION = YES;
				CLANG_WARN_OBJC_IMPLICIT_RETAIN_SELF = YES;
				CLANG_WARN_OBJC_LITERAL_CONVERSION = YES;
				CLANG_WARN_OBJC_ROOT_CLASS = YES_ERROR;
				CLANG_WARN_RANGE_LOOP_ANALYSIS = YES;
				CLANG_WARN_STRICT_PROTOTYPES = YES;
				CLANG_WARN_SUSPICIOUS_MOVE = YES;
				CLANG_WARN_UNGUARDED_AVAILABILITY = YES_AGGRESSIVE;
				CLANG_WARN_UNREACHABLE_CODE = YES;
				CLANG_WARN__DUPLICATE_METHOD_MATCH = YES;
				CODE_SIGN_IDENTITY = "-";
				COPY_PHASE_STRIP = NO;
				DEBUG_INFORMATION_FORMAT = "dwarf-with-dsym";
				ENABLE_NS_ASSERTIONS = NO;
				ENABLE_STRICT_OBJC_MSGSEND = YES;
				GCC_C_LANGUAGE_STANDARD = gnu11;
				GCC_NO_COMMON_BLOCKS = YES;
				GCC_WARN_64_TO_32_BIT_CONVERSION = YES;
				GCC_WARN_ABOUT_RETURN_TYPE = YES_ERROR;
				GCC_WARN_UNDECLARED_SELECTOR = YES;
				GCC_WARN_UNINITIALIZED_AUTOS = YES_AGGRESSIVE;
				GCC_WARN_UNUSED_FUNCTION = YES;
				GCC_WARN_UNUSED_VARIABLE = YES;
				MACOSX_DEPLOYMENT_TARGET = 10.14;
				MTL_ENABLE_DEBUG_INFO = NO;
				MTL_FAST_MATH = YES;
				SDKROOT = macosx;
			};
			name = Release;
		};
		0375FB4721ADEFC9006DF4AF /* Debug */ = {
			isa = XCBuildConfiguration;
			buildSettings = {
				CODE_SIGN_STYLE = Automatic;
				PRODUCT_NAME = "$(TARGET_NAME)";
			};
			name = Debug;
		};
		0375FB4821ADEFC9006DF4AF /* Release */ = {
			isa = XCBuildConfiguration;
			buildSettings = {
				CODE_SIGN_STYLE = Automatic;
				PRODUCT_NAME = "$(TARGET_NAME)";
			};
			name = Release;
		};
/* End XCBuildConfiguration section */

/* Begin XCConfigurationList section */
		0375FB3A21ADEFC9006DF4AF /* Build configuration list for PBXProject "nsga3" */ = {
			isa = XCConfigurationList;
			buildConfigurations = (
				0375FB4421ADEFC9006DF4AF /* Debug */,
				0375FB4521ADEFC9006DF4AF /* Release */,
			);
			defaultConfigurationIsVisible = 0;
			defaultConfigurationName = Release;
		};
		0375FB4621ADEFC9006DF4AF /* Build configuration list for PBXNativeTarget "nsga3" */ = {
			isa = XCConfigurationList;
			buildConfigurations = (
				0375FB4721ADEFC9006DF4AF /* Debug */,
				0375FB4821ADEFC9006DF4AF /* Release */,
			);
			defaultConfigurationIsVisible = 0;
			defaultConfigurationName = Release;
		};
/* End XCConfigurationList section */
	};
	rootObject = 0375FB3721ADEFC9006DF4AF /* Project object */;
}
